{
  "name": "ExploreLua",
  "lockfileVersion": 3,
  "requires": true,
  "packages": {
    "": {
      "dependencies": {
        "love": "^3.4.1"
      }
    },
    "node_modules/love": {
      "version": "3.4.1",
      "resolved": "https://registry.npmjs.org/love/-/love-3.4.1.tgz",
      "integrity": "sha512-89bsOJOtVD3B6tkjUrIp9zrrrVY0NGbJtlSBs5cvApVLC2rc0uzP4qxvTfYKoSxHMToBoPwIRCgkdyFm/l/LGg=="
    }
  }
}
